
Microsoft Visual Studio Solution File, Format Version 12.00
# Visual Studio Version 17
VisualStudioVersion = 17.13.35828.75 d17.13
MinimumVisualStudioVersion = 10.0.40219.1
Project("{FAE04EC0-301F-11D3-BF4B-00C04F79EFBC}") = "ConsoleTax", "ConsoleTax\ConsoleTax.csproj", "{28DAFEFE-E57B-41CA-9180-E79E451A4483}"
	ProjectSection(ProjectDependencies) = postProject
		{340E81C5-544C-44EC-B1B3-BDC46DFF9309} = {340E81C5-544C-44EC-B1B3-BDC46DFF9309}
	EndProjectSection
EndProject
Project("{FAE04EC0-301F-11D3-BF4B-00C04F79EFBC}") = "Data", "Data\Data.csproj", "{340E81C5-544C-44EC-B1B3-BDC46DFF9309}"
EndProject
Global
	GlobalSection(SolutionConfigurationPlatforms) = preSolution
		Debug|Any CPU = Debug|Any CPU
		Release|Any CPU = Release|Any CPU
	EndGlobalSection
	GlobalSection(ProjectConfigurationPlatforms) = postSolution
		{28DAFEFE-E57B-41CA-9180-E79E451A4483}.Debug|Any CPU.ActiveCfg = Debug|Any CPU
		{28DAFEFE-E57B-41CA-9180-E79E451A4483}.Debug|Any CPU.Build.0 = Debug|Any CPU
		{28DAFEFE-E57B-41CA-9180-E79E451A4483}.Release|Any CPU.ActiveCfg = Release|Any CPU
		{28DAFEFE-E57B-41CA-9180-E79E451A4483}.Release|Any CPU.Build.0 = Release|Any CPU
		{340E81C5-544C-44EC-B1B3-BDC46DFF9309}.Debug|Any CPU.ActiveCfg = Debug|Any CPU
		{340E81C5-544C-44EC-B1B3-BDC46DFF9309}.Debug|Any CPU.Build.0 = Debug|Any CPU
		{340E81C5-544C-44EC-B1B3-BDC46DFF9309}.Release|Any CPU.ActiveCfg = Release|Any CPU
		{340E81C5-544C-44EC-B1B3-BDC46DFF9309}.Release|Any CPU.Build.0 = Release|Any CPU
	EndGlobalSection
	GlobalSection(SolutionProperties) = preSolution
		HideSolutionNode = FALSE
	EndGlobalSection
	GlobalSection(ExtensibilityGlobals) = postSolution
		SolutionGuid = {ABEED542-4DA2-43AC-A129-2004982276D2}
	EndGlobalSection
EndGlobal
